PODS:
  - ChameleonFramework/Default (2.1.0)
  - ChameleonFramework/Swift (2.1.0):
    - ChameleonFramework/Default
  - FlatUIKit (1.6.2)

DEPENDENCIES:
  - ChameleonFramework/Swift
  - FlatUIKit

SPEC CHECKSUMS:
  ChameleonFramework: d21a3cc247abfe5e37609a283a8238b03575cf64
  FlatUIKit: 1b41f0d4952ce8d970d8479ce79df54a960242c4

COCOAPODS: 0.39.0
