// !$*UTF8*$!
{
	archiveVersion = 1;
	classes = {
	};
	objectVersion = 46;
	objects = {

/* Begin PBXBuildFile section */
		B9D5F0131CA8815600A93123 /* AppDelegate.swift in Sources */ = {isa = PBXBuildFile; fileRef = B9D5F0121CA8815600A93123 /* AppDelegate.swift */; };
		B9D5F0151CA8815600A93123 /* ViewController.swift in Sources */ = {isa = PBXBuildFile; fileRef = B9D5F0141CA8815600A93123 /* ViewController.swift */; };
		B9D5F0181CA8815600A93123 /* Main.storyboard in Resources */ = {isa = PBXBuildFile; fileRef = B9D5F0161CA8815600A93123 /* Main.storyboard */; };
		B9D5F01A1CA8815600A93123 /* Assets.xcassets in Resources */ = {isa = PBXBuildFile; fileRef = B9D5F0191CA8815600A93123 /* Assets.xcassets */; };
		B9D5F01D1CA8815600A93123 /* LaunchScreen.storyboard in Resources */ = {isa = PBXBuildFile; fileRef = B9D5F01B1CA8815600A93123 /* LaunchScreen.storyboard */; };
		B9D5F0251CA883E000A93123 /* ViewControllerTwo.swift in Sources */ = {isa = PBXBuildFile; fileRef = B9D5F0241CA883E000A93123 /* ViewControllerTwo.swift */; };
		B9D5F02B1CA8884D00A93123 /* Common.swift in Sources */ = {isa = PBXBuildFile; fileRef = B9D5F02A1CA8884D00A93123 /* Common.swift */; };
/* End PBXBuildFile section */

/* Begin PBXFileReference section */
		B9D5F00F1CA8815600A93123 /* Project 16 - AddNewItem.app */ = {isa = PBXFileReference; explicitFileType = wrapper.application; includeInIndex = 0; path = "Project 16 - AddNewItem.app"; sourceTree = BUILT_PRODUCTS_DIR; };
		B9D5F0121CA8815600A93123 /* AppDelegate.swift */ = {isa = PBXFileReference; lastKnownFileType = sourcecode.swift; path = AppDelegate.swift; sourceTree = "<group>"; };
		B9D5F0141CA8815600A93123 /* ViewController.swift */ = {isa = PBXFileReference; lastKnownFileType = sourcecode.swift; path = ViewController.swift; sourceTree = "<group>"; };
		B9D5F0171CA8815600A93123 /* Base */ = {isa = PBXFileReference; lastKnownFileType = file.storyboard; name = Base; path = Base.lproj/Main.storyboard; sourceTree = "<group>"; };
		B9D5F0191CA8815600A93123 /* Assets.xcassets */ = {isa = PBXFileReference; lastKnownFileType = folder.assetcatalog; path = Assets.xcassets; sourceTree = "<group>"; };
		B9D5F01C1CA8815600A93123 /* Base */ = {isa = PBXFileReference; lastKnownFileType = file.storyboard; name = Base; path = Base.lproj/LaunchScreen.storyboard; sourceTree = "<group>"; };
		B9D5F01E1CA8815600A93123 /* Info.plist */ = {isa = PBXFileReference; lastKnownFileType = text.plist.xml; path = Info.plist; sourceTree = "<group>"; };
		B9D5F0241CA883E000A93123 /* ViewControllerTwo.swift */ = {isa = PBXFileReference; fileEncoding = 4; lastKnownFileType = sourcecode.swift; path = ViewControllerTwo.swift; sourceTree = "<group>"; };
		B9D5F02A1CA8884D00A93123 /* Common.swift */ = {isa = PBXFileReference; fileEncoding = 4; lastKnownFileType = sourcecode.swift; path = Common.swift; sourceTree = "<group>"; };
/* End PBXFileReference section */

/* Begin PBXFrameworksBuildPhase section */
		B9D5F00C1CA8815600A93123 /* Frameworks */ = {
			isa = PBXFrameworksBuildPhase;
			buildActionMask = 2147483647;
			files = (
			);
			runOnlyForDeploymentPostprocessing = 0;
		};
/* End PBXFrameworksBuildPhase section */

/* Begin PBXGroup section */
		B9D5F0061CA8815600A93123 = {
			isa = PBXGroup;
			children = (
				B9D5F0111CA8815600A93123 /* Project 16 - AddNewItem */,
				B9D5F0101CA8815600A93123 /* Products */,
			);
			sourceTree = "<group>";
		};
		B9D5F0101CA8815600A93123 /* Products */ = {
			isa = PBXGroup;
			children = (
				B9D5F00F1CA8815600A93123 /* Project 16 - AddNewItem.app */,
			);
			name = Products;
			sourceTree = "<group>";
		};
		B9D5F0111CA8815600A93123 /* Project 16 - AddNewItem */ = {
			isa = PBXGroup;
			children = (
				B9D5F0121CA8815600A93123 /* AppDelegate.swift */,
				B9D5F0141CA8815600A93123 /* ViewController.swift */,
				B9D5F02A1CA8884D00A93123 /* Common.swift */,
				B9D5F0161CA8815600A93123 /* Main.storyboard */,
				B9D5F0241CA883E000A93123 /* ViewControllerTwo.swift */,
				B9D5F0191CA8815600A93123 /* Assets.xcassets */,
				B9D5F01B1CA8815600A93123 /* LaunchScreen.storyboard */,
				B9D5F01E1CA8815600A93123 /* Info.plist */,
			);
			path = "Project 16 - AddNewItem";
			sourceTree = "<group>";
		};
/* End PBXGroup section */

/* Begin PBXNativeTarget section */
		B9D5F00E1CA8815600A93123 /* Project 16 - AddNewItem */ = {
			isa = PBXNativeTarget;
			buildConfigurationList = B9D5F0211CA8815600A93123 /* Build configuration list for PBXNativeTarget "Project 16 - AddNewItem" */;
			buildPhases = (
				B9D5F00B1CA8815600A93123 /* Sources */,
				B9D5F00C1CA8815600A93123 /* Frameworks */,
				B9D5F00D1CA8815600A93123 /* Resources */,
			);
			buildRules = (
			);
			dependencies = (
			);
			name = "Project 16 - AddNewItem";
			productName = "Project 16 - AddNewItem";
			productReference = B9D5F00F1CA8815600A93123 /* Project 16 - AddNewItem.app */;
			productType = "com.apple.product-type.application";
		};
/* End PBXNativeTarget section */

/* Begin PBXProject section */
		B9D5F0071CA8815600A93123 /* Project object */ = {
			isa = PBXProject;
			attributes = {
				LastSwiftUpdateCheck = 0730;
				LastUpgradeCheck = 0730;
				ORGANIZATIONNAME = "Andrew Garcia";
				TargetAttributes = {
					B9D5F00E1CA8815600A93123 = {
						CreatedOnToolsVersion = 7.3;
					};
				};
			};
			buildConfigurationList = B9D5F00A1CA8815600A93123 /* Build configuration list for PBXProject "Project 16 - AddNewItem" */;
			compatibilityVersion = "Xcode 3.2";
			developmentRegion = English;
			hasScannedForEncodings = 0;
			knownRegions = (
				en,
				Base,
			);
			mainGroup = B9D5F0061CA8815600A93123;
			productRefGroup = B9D5F0101CA8815600A93123 /* Products */;
			projectDirPath = "";
			projectRoot = "";
			targets = (
				B9D5F00E1CA8815600A93123 /* Project 16 - AddNewItem */,
			);
		};
/* End PBXProject section */

/* Begin PBXResourcesBuildPhase section */
		B9D5F00D1CA8815600A93123 /* Resources */ = {
			isa = PBXResourcesBuildPhase;
			buildActionMask = 2147483647;
			files = (
				B9D5F01D1CA8815600A93123 /* LaunchScreen.storyboard in Resources */,
				B9D5F01A1CA8815600A93123 /* Assets.xcassets in Resources */,
				B9D5F0181CA8815600A93123 /* Main.storyboard in Resources */,
			);
			runOnlyForDeploymentPostprocessing = 0;
		};
/* End PBXResourcesBuildPhase section */

/* Begin PBXSourcesBuildPhase section */
		B9D5F00B1CA8815600A93123 /* Sources */ = {
			isa = PBXSourcesBuildPhase;
			buildActionMask = 2147483647;
			files = (
				B9D5F02B1CA8884D00A93123 /* Common.swift in Sources */,
				B9D5F0151CA8815600A93123 /* ViewController.swift in Sources */,
				B9D5F0131CA8815600A93123 /* AppDelegate.swift in Sources */,
				B9D5F0251CA883E000A93123 /* ViewControllerTwo.swift in Sources */,
			);
			runOnlyForDeploymentPostprocessing = 0;
		};
/* End PBXSourcesBuildPhase section */

/* Begin PBXVariantGroup section */
		B9D5F0161CA8815600A93123 /* Main.storyboard */ = {
			isa = PBXVariantGroup;
			children = (
				B9D5F0171CA8815600A93123 /* Base */,
			);
			name = Main.storyboard;
			sourceTree = "<group>";
		};
		B9D5F01B1CA8815600A93123 /* LaunchScreen.storyboard */ = {
			isa = PBXVariantGroup;
			children = (
				B9D5F01C1CA8815600A93123 /* Base */,
			);
			name = LaunchScreen.storyboard;
			sourceTree = "<group>";
		};
/* End PBXVariantGroup section */

/* Begin XCBuildConfiguration section */
		B9D5F01F1CA8815600A93123 /* Debug */ = {
			isa = XCBuildConfiguration;
			buildSettings = {
				ALWAYS_SEARCH_USER_PATHS = NO;
				CLANG_ANALYZER_NONNULL = YES;
				CLANG_CXX_LANGUAGE_STANDARD = "gnu++0x";
				CLANG_CXX_LIBRARY = "libc++";
				CLANG_ENABLE_MODULES = YES;
				CLANG_ENABLE_OBJC_ARC = YES;
				CLANG_WARN_BOOL_CONVERSION = YES;
				CLANG_WARN_CONSTANT_CONVERSION = YES;
				CLANG_WARN_DIRECT_OBJC_ISA_USAGE = YES_ERROR;
				CLANG_WARN_EMPTY_BODY = YES;
				CLANG_WARN_ENUM_CONVERSION = YES;
				CLANG_WARN_INT_CONVERSION = YES;
				CLANG_WARN_OBJC_ROOT_CLASS = YES_ERROR;
				CLANG_WARN_UNREACHABLE_CODE = YES;
				CLANG_WARN__DUPLICATE_METHOD_MATCH = YES;
				"CODE_SIGN_IDENTITY[sdk=iphoneos*]" = "iPhone Developer";
				COPY_PHASE_STRIP = NO;
				DEBUG_INFORMATION_FORMAT = dwarf;
				ENABLE_STRICT_OBJC_MSGSEND = YES;
				ENABLE_TESTABILITY = YES;
				GCC_C_LANGUAGE_STANDARD = gnu99;
				GCC_DYNAMIC_NO_PIC = NO;
				GCC_NO_COMMON_BLOCKS = YES;
				GCC_OPTIMIZATION_LEVEL = 0;
				GCC_PREPROCESSOR_DEFINITIONS = (
					"DEBUG=1",
					"$(inherited)",
				);
				GCC_WARN_64_TO_32_BIT_CONVERSION = YES;
				GCC_WARN_ABOUT_RETURN_TYPE = YES_ERROR;
				GCC_WARN_UNDECLARED_SELECTOR = YES;
				GCC_WARN_UNINITIALIZED_AUTOS = YES_AGGRESSIVE;
				GCC_WARN_UNUSED_FUNCTION = YES;
				GCC_WARN_UNUSED_VARIABLE = YES;
				IPHONEOS_DEPLOYMENT_TARGET = 9.3;
				MTL_ENABLE_DEBUG_INFO = YES;
				ONLY_ACTIVE_ARCH = YES;
				SDKROOT = iphoneos;
				SWIFT_OPTIMIZATION_LEVEL = "-Onone";
			};
			name = Debug;
		};
		B9D5F0201CA8815600A93123 /* Release */ = {
			isa = XCBuildConfiguration;
			buildSettings = {
				ALWAYS_SEARCH_USER_PATHS = NO;
				CLANG_ANALYZER_NONNULL = YES;
				CLANG_CXX_LANGUAGE_STANDARD = "gnu++0x";
				CLANG_CXX_LIBRARY = "libc++";
				CLANG_ENABLE_MODULES = YES;
				CLANG_ENABLE_OBJC_ARC = YES;
				CLANG_WARN_BOOL_CONVERSION = YES;
				CLANG_WARN_CONSTANT_CONVERSION = YES;
				CLANG_WARN_DIRECT_OBJC_ISA_USAGE = YES_ERROR;
				CLANG_WARN_EMPTY_BODY = YES;
				CLANG_WARN_ENUM_CONVERSION = YES;
				CLANG_WARN_INT_CONVERSION = YES;
				CLANG_WARN_OBJC_ROOT_CLASS = YES_ERROR;
				CLANG_WARN_UNREACHABLE_CODE = YES;
				CLANG_WARN__DUPLICATE_METHOD_MATCH = YES;
				"CODE_SIGN_IDENTITY[sdk=iphoneos*]" = "iPhone Developer";
				COPY_PHASE_STRIP = NO;
				DEBUG_INFORMATION_FORMAT = "dwarf-with-dsym";
				ENABLE_NS_ASSERTIONS = NO;
				ENABLE_STRICT_OBJC_MSGSEND = YES;
				GCC_C_LANGUAGE_STANDARD = gnu99;
				GCC_NO_COMMON_BLOCKS = YES;
				GCC_WARN_64_TO_32_BIT_CONVERSION = YES;
				GCC_WARN_ABOUT_RETURN_TYPE = YES_ERROR;
				GCC_WARN_UNDECLARED_SELECTOR = YES;
				GCC_WARN_UNINITIALIZED_AUTOS = YES_AGGRESSIVE;
				GCC_WARN_UNUSED_FUNCTION = YES;
				GCC_WARN_UNUSED_VARIABLE = YES;
				IPHONEOS_DEPLOYMENT_TARGET = 9.3;
				MTL_ENABLE_DEBUG_INFO = NO;
				SDKROOT = iphoneos;
				VALIDATE_PRODUCT = YES;
			};
			name = Release;
		};
		B9D5F0221CA8815600A93123 /* Debug */ = {
			isa = XCBuildConfiguration;
			buildSettings = {
				ASSETCATALOG_COMPILER_APPICON_NAME = AppIcon;
				INFOPLIST_FILE = "Project 16 - AddNewItem/Info.plist";
				LD_RUNPATH_SEARCH_PATHS = "$(inherited) @executable_path/Frameworks";
				PRODUCT_BUNDLE_IDENTIFIER = "com.andrewjohngarcia.Project-16---AddNewItem";
				PRODUCT_NAME = "$(TARGET_NAME)";
			};
			name = Debug;
		};
		B9D5F0231CA8815600A93123 /* Release */ = {
			isa = XCBuildConfiguration;
			buildSettings = {
				ASSETCATALOG_COMPILER_APPICON_NAME = AppIcon;
				INFOPLIST_FILE = "Project 16 - AddNewItem/Info.plist";
				LD_RUNPATH_SEARCH_PATHS = "$(inherited) @executable_path/Frameworks";
				PRODUCT_BUNDLE_IDENTIFIER = "com.andrewjohngarcia.Project-16---AddNewItem";
				PRODUCT_NAME = "$(TARGET_NAME)";
			};
			name = Release;
		};
/* End XCBuildConfiguration section */

/* Begin XCConfigurationList section */
		B9D5F00A1CA8815600A93123 /* Build configuration list for PBXProject "Project 16 - AddNewItem" */ = {
			isa = XCConfigurationList;
			buildConfigurations = (
				B9D5F01F1CA8815600A93123 /* Debug */,
				B9D5F0201CA8815600A93123 /* Release */,
			);
			defaultConfigurationIsVisible = 0;
			defaultConfigurationName = Release;
		};
		B9D5F0211CA8815600A93123 /* Build configuration list for PBXNativeTarget "Project 16 - AddNewItem" */ = {
			isa = XCConfigurationList;
			buildConfigurations = (
				B9D5F0221CA8815600A93123 /* Debug */,
				B9D5F0231CA8815600A93123 /* Release */,
			);
			defaultConfigurationIsVisible = 0;
		};
/* End XCConfigurationList section */
	};
	rootObject = B9D5F0071CA8815600A93123 /* Project object */;
}
