// !$*UTF8*$!
{
	archiveVersion = 1;
	classes = {
	};
	objectVersion = 46;
	objects = {

/* Begin PBXBuildFile section */
		B9ED7E2F1CA8C3BE009374A7 /* AppDelegate.swift in Sources */ = {isa = PBXBuildFile; fileRef = B9ED7E2E1CA8C3BE009374A7 /* AppDelegate.swift */; };
		B9ED7E311CA8C3BE009374A7 /* ViewController.swift in Sources */ = {isa = PBXBuildFile; fileRef = B9ED7E301CA8C3BE009374A7 /* ViewController.swift */; };
		B9ED7E341CA8C3BE009374A7 /* Main.storyboard in Resources */ = {isa = PBXBuildFile; fileRef = B9ED7E321CA8C3BE009374A7 /* Main.storyboard */; };
		B9ED7E361CA8C3BE009374A7 /* Assets.xcassets in Resources */ = {isa = PBXBuildFile; fileRef = B9ED7E351CA8C3BE009374A7 /* Assets.xcassets */; };
		B9ED7E391CA8C3BE009374A7 /* LaunchScreen.storyboard in Resources */ = {isa = PBXBuildFile; fileRef = B9ED7E371CA8C3BE009374A7 /* LaunchScreen.storyboard */; };
		B9ED7E411CA8C3CE009374A7 /* CustomTableViewCell.swift in Sources */ = {isa = PBXBuildFile; fileRef = B9ED7E401CA8C3CE009374A7 /* CustomTableViewCell.swift */; };
/* End PBXBuildFile section */

/* Begin PBXFileReference section */
		B9ED7E2B1CA8C3BE009374A7 /* Project 17 - CustomTableView.app */ = {isa = PBXFileReference; explicitFileType = wrapper.application; includeInIndex = 0; path = "Project 17 - CustomTableView.app"; sourceTree = BUILT_PRODUCTS_DIR; };
		B9ED7E2E1CA8C3BE009374A7 /* AppDelegate.swift */ = {isa = PBXFileReference; lastKnownFileType = sourcecode.swift; path = AppDelegate.swift; sourceTree = "<group>"; };
		B9ED7E301CA8C3BE009374A7 /* ViewController.swift */ = {isa = PBXFileReference; lastKnownFileType = sourcecode.swift; path = ViewController.swift; sourceTree = "<group>"; };
		B9ED7E331CA8C3BE009374A7 /* Base */ = {isa = PBXFileReference; lastKnownFileType = file.storyboard; name = Base; path = Base.lproj/Main.storyboard; sourceTree = "<group>"; };
		B9ED7E351CA8C3BE009374A7 /* Assets.xcassets */ = {isa = PBXFileReference; lastKnownFileType = folder.assetcatalog; path = Assets.xcassets; sourceTree = "<group>"; };
		B9ED7E381CA8C3BE009374A7 /* Base */ = {isa = PBXFileReference; lastKnownFileType = file.storyboard; name = Base; path = Base.lproj/LaunchScreen.storyboard; sourceTree = "<group>"; };
		B9ED7E3A1CA8C3BE009374A7 /* Info.plist */ = {isa = PBXFileReference; lastKnownFileType = text.plist.xml; path = Info.plist; sourceTree = "<group>"; };
		B9ED7E401CA8C3CE009374A7 /* CustomTableViewCell.swift */ = {isa = PBXFileReference; fileEncoding = 4; lastKnownFileType = sourcecode.swift; name = CustomTableViewCell.swift; path = ../CustomTableViewCell.swift; sourceTree = "<group>"; };
/* End PBXFileReference section */

/* Begin PBXFrameworksBuildPhase section */
		B9ED7E281CA8C3BE009374A7 /* Frameworks */ = {
			isa = PBXFrameworksBuildPhase;
			buildActionMask = 2147483647;
			files = (
			);
			runOnlyForDeploymentPostprocessing = 0;
		};
/* End PBXFrameworksBuildPhase section */

/* Begin PBXGroup section */
		B9ED7E221CA8C3BE009374A7 = {
			isa = PBXGroup;
			children = (
				B9ED7E2D1CA8C3BE009374A7 /* Project 17 - CustomTableView */,
				B9ED7E2C1CA8C3BE009374A7 /* Products */,
			);
			sourceTree = "<group>";
		};
		B9ED7E2C1CA8C3BE009374A7 /* Products */ = {
			isa = PBXGroup;
			children = (
				B9ED7E2B1CA8C3BE009374A7 /* Project 17 - CustomTableView.app */,
			);
			name = Products;
			sourceTree = "<group>";
		};
		B9ED7E2D1CA8C3BE009374A7 /* Project 17 - CustomTableView */ = {
			isa = PBXGroup;
			children = (
				B9ED7E401CA8C3CE009374A7 /* CustomTableViewCell.swift */,
				B9ED7E2E1CA8C3BE009374A7 /* AppDelegate.swift */,
				B9ED7E301CA8C3BE009374A7 /* ViewController.swift */,
				B9ED7E321CA8C3BE009374A7 /* Main.storyboard */,
				B9ED7E351CA8C3BE009374A7 /* Assets.xcassets */,
				B9ED7E371CA8C3BE009374A7 /* LaunchScreen.storyboard */,
				B9ED7E3A1CA8C3BE009374A7 /* Info.plist */,
			);
			path = "Project 17 - CustomTableView";
			sourceTree = "<group>";
		};
/* End PBXGroup section */

/* Begin PBXNativeTarget section */
		B9ED7E2A1CA8C3BE009374A7 /* Project 17 - CustomTableView */ = {
			isa = PBXNativeTarget;
			buildConfigurationList = B9ED7E3D1CA8C3BE009374A7 /* Build configuration list for PBXNativeTarget "Project 17 - CustomTableView" */;
			buildPhases = (
				B9ED7E271CA8C3BE009374A7 /* Sources */,
				B9ED7E281CA8C3BE009374A7 /* Frameworks */,
				B9ED7E291CA8C3BE009374A7 /* Resources */,
			);
			buildRules = (
			);
			dependencies = (
			);
			name = "Project 17 - CustomTableView";
			productName = "Project 17 - CustomTableView";
			productReference = B9ED7E2B1CA8C3BE009374A7 /* Project 17 - CustomTableView.app */;
			productType = "com.apple.product-type.application";
		};
/* End PBXNativeTarget section */

/* Begin PBXProject section */
		B9ED7E231CA8C3BE009374A7 /* Project object */ = {
			isa = PBXProject;
			attributes = {
				LastSwiftUpdateCheck = 0730;
				LastUpgradeCheck = 0730;
				ORGANIZATIONNAME = "Andrew Garcia";
				TargetAttributes = {
					B9ED7E2A1CA8C3BE009374A7 = {
						CreatedOnToolsVersion = 7.3;
					};
				};
			};
			buildConfigurationList = B9ED7E261CA8C3BE009374A7 /* Build configuration list for PBXProject "Project 17 - CustomTableView" */;
			compatibilityVersion = "Xcode 3.2";
			developmentRegion = English;
			hasScannedForEncodings = 0;
			knownRegions = (
				en,
				Base,
			);
			mainGroup = B9ED7E221CA8C3BE009374A7;
			productRefGroup = B9ED7E2C1CA8C3BE009374A7 /* Products */;
			projectDirPath = "";
			projectRoot = "";
			targets = (
				B9ED7E2A1CA8C3BE009374A7 /* Project 17 - CustomTableView */,
			);
		};
/* End PBXProject section */

/* Begin PBXResourcesBuildPhase section */
		B9ED7E291CA8C3BE009374A7 /* Resources */ = {
			isa = PBXResourcesBuildPhase;
			buildActionMask = 2147483647;
			files = (
				B9ED7E391CA8C3BE009374A7 /* LaunchScreen.storyboard in Resources */,
				B9ED7E361CA8C3BE009374A7 /* Assets.xcassets in Resources */,
				B9ED7E341CA8C3BE009374A7 /* Main.storyboard in Resources */,
			);
			runOnlyForDeploymentPostprocessing = 0;
		};
/* End PBXResourcesBuildPhase section */

/* Begin PBXSourcesBuildPhase section */
		B9ED7E271CA8C3BE009374A7 /* Sources */ = {
			isa = PBXSourcesBuildPhase;
			buildActionMask = 2147483647;
			files = (
				B9ED7E411CA8C3CE009374A7 /* CustomTableViewCell.swift in Sources */,
				B9ED7E311CA8C3BE009374A7 /* ViewController.swift in Sources */,
				B9ED7E2F1CA8C3BE009374A7 /* AppDelegate.swift in Sources */,
			);
			runOnlyForDeploymentPostprocessing = 0;
		};
/* End PBXSourcesBuildPhase section */

/* Begin PBXVariantGroup section */
		B9ED7E321CA8C3BE009374A7 /* Main.storyboard */ = {
			isa = PBXVariantGroup;
			children = (
				B9ED7E331CA8C3BE009374A7 /* Base */,
			);
			name = Main.storyboard;
			sourceTree = "<group>";
		};
		B9ED7E371CA8C3BE009374A7 /* LaunchScreen.storyboard */ = {
			isa = PBXVariantGroup;
			children = (
				B9ED7E381CA8C3BE009374A7 /* Base */,
			);
			name = LaunchScreen.storyboard;
			sourceTree = "<group>";
		};
/* End PBXVariantGroup section */

/* Begin XCBuildConfiguration section */
		B9ED7E3B1CA8C3BE009374A7 /* Debug */ = {
			isa = XCBuildConfiguration;
			buildSettings = {
				ALWAYS_SEARCH_USER_PATHS = NO;
				CLANG_ANALYZER_NONNULL = YES;
				CLANG_CXX_LANGUAGE_STANDARD = "gnu++0x";
				CLANG_CXX_LIBRARY = "libc++";
				CLANG_ENABLE_MODULES = YES;
				CLANG_ENABLE_OBJC_ARC = YES;
				CLANG_WARN_BOOL_CONVERSION = YES;
				CLANG_WARN_CONSTANT_CONVERSION = YES;
				CLANG_WARN_DIRECT_OBJC_ISA_USAGE = YES_ERROR;
				CLANG_WARN_EMPTY_BODY = YES;
				CLANG_WARN_ENUM_CONVERSION = YES;
				CLANG_WARN_INT_CONVERSION = YES;
				CLANG_WARN_OBJC_ROOT_CLASS = YES_ERROR;
				CLANG_WARN_UNREACHABLE_CODE = YES;
				CLANG_WARN__DUPLICATE_METHOD_MATCH = YES;
				"CODE_SIGN_IDENTITY[sdk=iphoneos*]" = "iPhone Developer";
				COPY_PHASE_STRIP = NO;
				DEBUG_INFORMATION_FORMAT = dwarf;
				ENABLE_STRICT_OBJC_MSGSEND = YES;
				ENABLE_TESTABILITY = YES;
				GCC_C_LANGUAGE_STANDARD = gnu99;
				GCC_DYNAMIC_NO_PIC = NO;
				GCC_NO_COMMON_BLOCKS = YES;
				GCC_OPTIMIZATION_LEVEL = 0;
				GCC_PREPROCESSOR_DEFINITIONS = (
					"DEBUG=1",
					"$(inherited)",
				);
				GCC_WARN_64_TO_32_BIT_CONVERSION = YES;
				GCC_WARN_ABOUT_RETURN_TYPE = YES_ERROR;
				GCC_WARN_UNDECLARED_SELECTOR = YES;
				GCC_WARN_UNINITIALIZED_AUTOS = YES_AGGRESSIVE;
				GCC_WARN_UNUSED_FUNCTION = YES;
				GCC_WARN_UNUSED_VARIABLE = YES;
				IPHONEOS_DEPLOYMENT_TARGET = 9.3;
				MTL_ENABLE_DEBUG_INFO = YES;
				ONLY_ACTIVE_ARCH = YES;
				SDKROOT = iphoneos;
				SWIFT_OPTIMIZATION_LEVEL = "-Onone";
			};
			name = Debug;
		};
		B9ED7E3C1CA8C3BE009374A7 /* Release */ = {
			isa = XCBuildConfiguration;
			buildSettings = {
				ALWAYS_SEARCH_USER_PATHS = NO;
				CLANG_ANALYZER_NONNULL = YES;
				CLANG_CXX_LANGUAGE_STANDARD = "gnu++0x";
				CLANG_CXX_LIBRARY = "libc++";
				CLANG_ENABLE_MODULES = YES;
				CLANG_ENABLE_OBJC_ARC = YES;
				CLANG_WARN_BOOL_CONVERSION = YES;
				CLANG_WARN_CONSTANT_CONVERSION = YES;
				CLANG_WARN_DIRECT_OBJC_ISA_USAGE = YES_ERROR;
				CLANG_WARN_EMPTY_BODY = YES;
				CLANG_WARN_ENUM_CONVERSION = YES;
				CLANG_WARN_INT_CONVERSION = YES;
				CLANG_WARN_OBJC_ROOT_CLASS = YES_ERROR;
				CLANG_WARN_UNREACHABLE_CODE = YES;
				CLANG_WARN__DUPLICATE_METHOD_MATCH = YES;
				"CODE_SIGN_IDENTITY[sdk=iphoneos*]" = "iPhone Developer";
				COPY_PHASE_STRIP = NO;
				DEBUG_INFORMATION_FORMAT = "dwarf-with-dsym";
				ENABLE_NS_ASSERTIONS = NO;
				ENABLE_STRICT_OBJC_MSGSEND = YES;
				GCC_C_LANGUAGE_STANDARD = gnu99;
				GCC_NO_COMMON_BLOCKS = YES;
				GCC_WARN_64_TO_32_BIT_CONVERSION = YES;
				GCC_WARN_ABOUT_RETURN_TYPE = YES_ERROR;
				GCC_WARN_UNDECLARED_SELECTOR = YES;
				GCC_WARN_UNINITIALIZED_AUTOS = YES_AGGRESSIVE;
				GCC_WARN_UNUSED_FUNCTION = YES;
				GCC_WARN_UNUSED_VARIABLE = YES;
				IPHONEOS_DEPLOYMENT_TARGET = 9.3;
				MTL_ENABLE_DEBUG_INFO = NO;
				SDKROOT = iphoneos;
				VALIDATE_PRODUCT = YES;
			};
			name = Release;
		};
		B9ED7E3E1CA8C3BE009374A7 /* Debug */ = {
			isa = XCBuildConfiguration;
			buildSettings = {
				ASSETCATALOG_COMPILER_APPICON_NAME = AppIcon;
				INFOPLIST_FILE = "Project 17 - CustomTableView/Info.plist";
				LD_RUNPATH_SEARCH_PATHS = "$(inherited) @executable_path/Frameworks";
				PRODUCT_BUNDLE_IDENTIFIER = "com.andrewjohngarcia.Project-17---CustomTableView";
				PRODUCT_NAME = "$(TARGET_NAME)";
			};
			name = Debug;
		};
		B9ED7E3F1CA8C3BE009374A7 /* Release */ = {
			isa = XCBuildConfiguration;
			buildSettings = {
				ASSETCATALOG_COMPILER_APPICON_NAME = AppIcon;
				INFOPLIST_FILE = "Project 17 - CustomTableView/Info.plist";
				LD_RUNPATH_SEARCH_PATHS = "$(inherited) @executable_path/Frameworks";
				PRODUCT_BUNDLE_IDENTIFIER = "com.andrewjohngarcia.Project-17---CustomTableView";
				PRODUCT_NAME = "$(TARGET_NAME)";
			};
			name = Release;
		};
/* End XCBuildConfiguration section */

/* Begin XCConfigurationList section */
		B9ED7E261CA8C3BE009374A7 /* Build configuration list for PBXProject "Project 17 - CustomTableView" */ = {
			isa = XCConfigurationList;
			buildConfigurations = (
				B9ED7E3B1CA8C3BE009374A7 /* Debug */,
				B9ED7E3C1CA8C3BE009374A7 /* Release */,
			);
			defaultConfigurationIsVisible = 0;
			defaultConfigurationName = Release;
		};
		B9ED7E3D1CA8C3BE009374A7 /* Build configuration list for PBXNativeTarget "Project 17 - CustomTableView" */ = {
			isa = XCConfigurationList;
			buildConfigurations = (
				B9ED7E3E1CA8C3BE009374A7 /* Debug */,
				B9ED7E3F1CA8C3BE009374A7 /* Release */,
			);
			defaultConfigurationIsVisible = 0;
		};
/* End XCConfigurationList section */
	};
	rootObject = B9ED7E231CA8C3BE009374A7 /* Project object */;
}
