// !$*UTF8*$!
{
	archiveVersion = 1;
	classes = {
	};
	objectVersion = 46;
	objects = {

/* Begin PBXBuildFile section */
		A24479EFEC5761C32A685A60 /* Pods_TipCalculator.framework in Frameworks */ = {isa = PBXBuildFile; fileRef = BB176959B7391C959AA9695D /* Pods_TipCalculator.framework */; };
		B9D880351C938C2E00F4E461 /* AppDelegate.swift in Sources */ = {isa = PBXBuildFile; fileRef = B9D880341C938C2E00F4E461 /* AppDelegate.swift */; };
		B9D880371C938C2E00F4E461 /* ViewController.swift in Sources */ = {isa = PBXBuildFile; fileRef = B9D880361C938C2E00F4E461 /* ViewController.swift */; };
		B9D8803A1C938C2E00F4E461 /* Main.storyboard in Resources */ = {isa = PBXBuildFile; fileRef = B9D880381C938C2E00F4E461 /* Main.storyboard */; };
		B9D8803C1C938C2E00F4E461 /* Assets.xcassets in Resources */ = {isa = PBXBuildFile; fileRef = B9D8803B1C938C2E00F4E461 /* Assets.xcassets */; };
		B9D8803F1C938C2E00F4E461 /* LaunchScreen.storyboard in Resources */ = {isa = PBXBuildFile; fileRef = B9D8803D1C938C2E00F4E461 /* LaunchScreen.storyboard */; };
/* End PBXBuildFile section */

/* Begin PBXFileReference section */
		5868573FE4146E64CC02805F /* Pods-TipCalculator.debug.xcconfig */ = {isa = PBXFileReference; includeInIndex = 1; lastKnownFileType = text.xcconfig; name = "Pods-TipCalculator.debug.xcconfig"; path = "Pods/Target Support Files/Pods-TipCalculator/Pods-TipCalculator.debug.xcconfig"; sourceTree = "<group>"; };
		B9D880311C938C2E00F4E461 /* TipCalculator.app */ = {isa = PBXFileReference; explicitFileType = wrapper.application; includeInIndex = 0; path = TipCalculator.app; sourceTree = BUILT_PRODUCTS_DIR; };
		B9D880341C938C2E00F4E461 /* AppDelegate.swift */ = {isa = PBXFileReference; lastKnownFileType = sourcecode.swift; path = AppDelegate.swift; sourceTree = "<group>"; };
		B9D880361C938C2E00F4E461 /* ViewController.swift */ = {isa = PBXFileReference; lastKnownFileType = sourcecode.swift; path = ViewController.swift; sourceTree = "<group>"; };
		B9D880391C938C2E00F4E461 /* Base */ = {isa = PBXFileReference; lastKnownFileType = file.storyboard; name = Base; path = Base.lproj/Main.storyboard; sourceTree = "<group>"; };
		B9D8803B1C938C2E00F4E461 /* Assets.xcassets */ = {isa = PBXFileReference; lastKnownFileType = folder.assetcatalog; path = Assets.xcassets; sourceTree = "<group>"; };
		B9D8803E1C938C2E00F4E461 /* Base */ = {isa = PBXFileReference; lastKnownFileType = file.storyboard; name = Base; path = Base.lproj/LaunchScreen.storyboard; sourceTree = "<group>"; };
		B9D880401C938C2E00F4E461 /* Info.plist */ = {isa = PBXFileReference; lastKnownFileType = text.plist.xml; path = Info.plist; sourceTree = "<group>"; };
		BB176959B7391C959AA9695D /* Pods_TipCalculator.framework */ = {isa = PBXFileReference; explicitFileType = wrapper.framework; includeInIndex = 0; path = Pods_TipCalculator.framework; sourceTree = BUILT_PRODUCTS_DIR; };
		CE3ED05F2088B45938630B25 /* Pods-TipCalculator.release.xcconfig */ = {isa = PBXFileReference; includeInIndex = 1; lastKnownFileType = text.xcconfig; name = "Pods-TipCalculator.release.xcconfig"; path = "Pods/Target Support Files/Pods-TipCalculator/Pods-TipCalculator.release.xcconfig"; sourceTree = "<group>"; };
/* End PBXFileReference section */

/* Begin PBXFrameworksBuildPhase section */
		B9D8802E1C938C2E00F4E461 /* Frameworks */ = {
			isa = PBXFrameworksBuildPhase;
			buildActionMask = 2147483647;
			files = (
				A24479EFEC5761C32A685A60 /* Pods_TipCalculator.framework in Frameworks */,
			);
			runOnlyForDeploymentPostprocessing = 0;
		};
/* End PBXFrameworksBuildPhase section */

/* Begin PBXGroup section */
		1F30775BA786C7408E3E8133 /* Frameworks */ = {
			isa = PBXGroup;
			children = (
				BB176959B7391C959AA9695D /* Pods_TipCalculator.framework */,
			);
			name = Frameworks;
			sourceTree = "<group>";
		};
		87D28280524F54771A4C65BA /* Pods */ = {
			isa = PBXGroup;
			children = (
				5868573FE4146E64CC02805F /* Pods-TipCalculator.debug.xcconfig */,
				CE3ED05F2088B45938630B25 /* Pods-TipCalculator.release.xcconfig */,
			);
			name = Pods;
			sourceTree = "<group>";
		};
		B9D880281C938C2E00F4E461 = {
			isa = PBXGroup;
			children = (
				B9D880331C938C2E00F4E461 /* TipCalculator */,
				B9D880321C938C2E00F4E461 /* Products */,
				87D28280524F54771A4C65BA /* Pods */,
				1F30775BA786C7408E3E8133 /* Frameworks */,
			);
			sourceTree = "<group>";
		};
		B9D880321C938C2E00F4E461 /* Products */ = {
			isa = PBXGroup;
			children = (
				B9D880311C938C2E00F4E461 /* TipCalculator.app */,
			);
			name = Products;
			sourceTree = "<group>";
		};
		B9D880331C938C2E00F4E461 /* TipCalculator */ = {
			isa = PBXGroup;
			children = (
				B9D880341C938C2E00F4E461 /* AppDelegate.swift */,
				B9D880361C938C2E00F4E461 /* ViewController.swift */,
				B9D880381C938C2E00F4E461 /* Main.storyboard */,
				B9D8803B1C938C2E00F4E461 /* Assets.xcassets */,
				B9D8803D1C938C2E00F4E461 /* LaunchScreen.storyboard */,
				B9D880401C938C2E00F4E461 /* Info.plist */,
			);
			path = TipCalculator;
			sourceTree = "<group>";
		};
/* End PBXGroup section */

/* Begin PBXNativeTarget section */
		B9D880301C938C2E00F4E461 /* TipCalculator */ = {
			isa = PBXNativeTarget;
			buildConfigurationList = B9D880431C938C2E00F4E461 /* Build configuration list for PBXNativeTarget "TipCalculator" */;
			buildPhases = (
				9B12F6586DACAD3572B49339 /* Check Pods Manifest.lock */,
				B9D8802D1C938C2E00F4E461 /* Sources */,
				B9D8802E1C938C2E00F4E461 /* Frameworks */,
				B9D8802F1C938C2E00F4E461 /* Resources */,
				60C128752C345497487B292F /* Embed Pods Frameworks */,
				1BCD8AF4B549EF9390DFF3F3 /* Copy Pods Resources */,
			);
			buildRules = (
			);
			dependencies = (
			);
			name = TipCalculator;
			productName = TipCalculator;
			productReference = B9D880311C938C2E00F4E461 /* TipCalculator.app */;
			productType = "com.apple.product-type.application";
		};
/* End PBXNativeTarget section */

/* Begin PBXProject section */
		B9D880291C938C2E00F4E461 /* Project object */ = {
			isa = PBXProject;
			attributes = {
				LastSwiftUpdateCheck = 0720;
				LastUpgradeCheck = 0720;
				ORGANIZATIONNAME = "Andrew Garcia";
				TargetAttributes = {
					B9D880301C938C2E00F4E461 = {
						CreatedOnToolsVersion = 7.2.1;
					};
				};
			};
			buildConfigurationList = B9D8802C1C938C2E00F4E461 /* Build configuration list for PBXProject "TipCalculator" */;
			compatibilityVersion = "Xcode 3.2";
			developmentRegion = English;
			hasScannedForEncodings = 0;
			knownRegions = (
				en,
				Base,
			);
			mainGroup = B9D880281C938C2E00F4E461;
			productRefGroup = B9D880321C938C2E00F4E461 /* Products */;
			projectDirPath = "";
			projectRoot = "";
			targets = (
				B9D880301C938C2E00F4E461 /* TipCalculator */,
			);
		};
/* End PBXProject section */

/* Begin PBXResourcesBuildPhase section */
		B9D8802F1C938C2E00F4E461 /* Resources */ = {
			isa = PBXResourcesBuildPhase;
			buildActionMask = 2147483647;
			files = (
				B9D8803F1C938C2E00F4E461 /* LaunchScreen.storyboard in Resources */,
				B9D8803C1C938C2E00F4E461 /* Assets.xcassets in Resources */,
				B9D8803A1C938C2E00F4E461 /* Main.storyboard in Resources */,
			);
			runOnlyForDeploymentPostprocessing = 0;
		};
/* End PBXResourcesBuildPhase section */

/* Begin PBXShellScriptBuildPhase section */
		1BCD8AF4B549EF9390DFF3F3 /* Copy Pods Resources */ = {
			isa = PBXShellScriptBuildPhase;
			buildActionMask = 2147483647;
			files = (
			);
			inputPaths = (
			);
			name = "Copy Pods Resources";
			outputPaths = (
			);
			runOnlyForDeploymentPostprocessing = 0;
			shellPath = /bin/sh;
			shellScript = "\"${SRCROOT}/Pods/Target Support Files/Pods-TipCalculator/Pods-TipCalculator-resources.sh\"\n";
			showEnvVarsInLog = 0;
		};
		60C128752C345497487B292F /* Embed Pods Frameworks */ = {
			isa = PBXShellScriptBuildPhase;
			buildActionMask = 2147483647;
			files = (
			);
			inputPaths = (
			);
			name = "Embed Pods Frameworks";
			outputPaths = (
			);
			runOnlyForDeploymentPostprocessing = 0;
			shellPath = /bin/sh;
			shellScript = "\"${SRCROOT}/Pods/Target Support Files/Pods-TipCalculator/Pods-TipCalculator-frameworks.sh\"\n";
			showEnvVarsInLog = 0;
		};
		9B12F6586DACAD3572B49339 /* Check Pods Manifest.lock */ = {
			isa = PBXShellScriptBuildPhase;
			buildActionMask = 2147483647;
			files = (
			);
			inputPaths = (
			);
			name = "Check Pods Manifest.lock";
			outputPaths = (
			);
			runOnlyForDeploymentPostprocessing = 0;
			shellPath = /bin/sh;
			shellScript = "diff \"${PODS_ROOT}/../Podfile.lock\" \"${PODS_ROOT}/Manifest.lock\" > /dev/null\nif [[ $? != 0 ]] ; then\n    cat << EOM\nerror: The sandbox is not in sync with the Podfile.lock. Run 'pod install' or update your CocoaPods installation.\nEOM\n    exit 1\nfi\n";
			showEnvVarsInLog = 0;
		};
/* End PBXShellScriptBuildPhase section */

/* Begin PBXSourcesBuildPhase section */
		B9D8802D1C938C2E00F4E461 /* Sources */ = {
			isa = PBXSourcesBuildPhase;
			buildActionMask = 2147483647;
			files = (
				B9D880371C938C2E00F4E461 /* ViewController.swift in Sources */,
				B9D880351C938C2E00F4E461 /* AppDelegate.swift in Sources */,
			);
			runOnlyForDeploymentPostprocessing = 0;
		};
/* End PBXSourcesBuildPhase section */

/* Begin PBXVariantGroup section */
		B9D880381C938C2E00F4E461 /* Main.storyboard */ = {
			isa = PBXVariantGroup;
			children = (
				B9D880391C938C2E00F4E461 /* Base */,
			);
			name = Main.storyboard;
			sourceTree = "<group>";
		};
		B9D8803D1C938C2E00F4E461 /* LaunchScreen.storyboard */ = {
			isa = PBXVariantGroup;
			children = (
				B9D8803E1C938C2E00F4E461 /* Base */,
			);
			name = LaunchScreen.storyboard;
			sourceTree = "<group>";
		};
/* End PBXVariantGroup section */

/* Begin XCBuildConfiguration section */
		B9D880411C938C2E00F4E461 /* Debug */ = {
			isa = XCBuildConfiguration;
			buildSettings = {
				ALWAYS_SEARCH_USER_PATHS = NO;
				CLANG_CXX_LANGUAGE_STANDARD = "gnu++0x";
				CLANG_CXX_LIBRARY = "libc++";
				CLANG_ENABLE_MODULES = YES;
				CLANG_ENABLE_OBJC_ARC = YES;
				CLANG_WARN_BOOL_CONVERSION = YES;
				CLANG_WARN_CONSTANT_CONVERSION = YES;
				CLANG_WARN_DIRECT_OBJC_ISA_USAGE = YES_ERROR;
				CLANG_WARN_EMPTY_BODY = YES;
				CLANG_WARN_ENUM_CONVERSION = YES;
				CLANG_WARN_INT_CONVERSION = YES;
				CLANG_WARN_OBJC_ROOT_CLASS = YES_ERROR;
				CLANG_WARN_UNREACHABLE_CODE = YES;
				CLANG_WARN__DUPLICATE_METHOD_MATCH = YES;
				"CODE_SIGN_IDENTITY[sdk=iphoneos*]" = "iPhone Developer";
				COPY_PHASE_STRIP = NO;
				DEBUG_INFORMATION_FORMAT = dwarf;
				ENABLE_STRICT_OBJC_MSGSEND = YES;
				ENABLE_TESTABILITY = YES;
				GCC_C_LANGUAGE_STANDARD = gnu99;
				GCC_DYNAMIC_NO_PIC = NO;
				GCC_NO_COMMON_BLOCKS = YES;
				GCC_OPTIMIZATION_LEVEL = 0;
				GCC_PREPROCESSOR_DEFINITIONS = (
					"DEBUG=1",
					"$(inherited)",
				);
				GCC_WARN_64_TO_32_BIT_CONVERSION = YES;
				GCC_WARN_ABOUT_RETURN_TYPE = YES_ERROR;
				GCC_WARN_UNDECLARED_SELECTOR = YES;
				GCC_WARN_UNINITIALIZED_AUTOS = YES_AGGRESSIVE;
				GCC_WARN_UNUSED_FUNCTION = YES;
				GCC_WARN_UNUSED_VARIABLE = YES;
				IPHONEOS_DEPLOYMENT_TARGET = 9.2;
				MTL_ENABLE_DEBUG_INFO = YES;
				ONLY_ACTIVE_ARCH = YES;
				SDKROOT = iphoneos;
				SWIFT_OPTIMIZATION_LEVEL = "-Onone";
				TARGETED_DEVICE_FAMILY = "1,2";
			};
			name = Debug;
		};
		B9D880421C938C2E00F4E461 /* Release */ = {
			isa = XCBuildConfiguration;
			buildSettings = {
				ALWAYS_SEARCH_USER_PATHS = NO;
				CLANG_CXX_LANGUAGE_STANDARD = "gnu++0x";
				CLANG_CXX_LIBRARY = "libc++";
				CLANG_ENABLE_MODULES = YES;
				CLANG_ENABLE_OBJC_ARC = YES;
				CLANG_WARN_BOOL_CONVERSION = YES;
				CLANG_WARN_CONSTANT_CONVERSION = YES;
				CLANG_WARN_DIRECT_OBJC_ISA_USAGE = YES_ERROR;
				CLANG_WARN_EMPTY_BODY = YES;
				CLANG_WARN_ENUM_CONVERSION = YES;
				CLANG_WARN_INT_CONVERSION = YES;
				CLANG_WARN_OBJC_ROOT_CLASS = YES_ERROR;
				CLANG_WARN_UNREACHABLE_CODE = YES;
				CLANG_WARN__DUPLICATE_METHOD_MATCH = YES;
				"CODE_SIGN_IDENTITY[sdk=iphoneos*]" = "iPhone Developer";
				COPY_PHASE_STRIP = NO;
				DEBUG_INFORMATION_FORMAT = "dwarf-with-dsym";
				ENABLE_NS_ASSERTIONS = NO;
				ENABLE_STRICT_OBJC_MSGSEND = YES;
				GCC_C_LANGUAGE_STANDARD = gnu99;
				GCC_NO_COMMON_BLOCKS = YES;
				GCC_WARN_64_TO_32_BIT_CONVERSION = YES;
				GCC_WARN_ABOUT_RETURN_TYPE = YES_ERROR;
				GCC_WARN_UNDECLARED_SELECTOR = YES;
				GCC_WARN_UNINITIALIZED_AUTOS = YES_AGGRESSIVE;
				GCC_WARN_UNUSED_FUNCTION = YES;
				GCC_WARN_UNUSED_VARIABLE = YES;
				IPHONEOS_DEPLOYMENT_TARGET = 9.2;
				MTL_ENABLE_DEBUG_INFO = NO;
				SDKROOT = iphoneos;
				TARGETED_DEVICE_FAMILY = "1,2";
				VALIDATE_PRODUCT = YES;
			};
			name = Release;
		};
		B9D880441C938C2E00F4E461 /* Debug */ = {
			isa = XCBuildConfiguration;
			baseConfigurationReference = 5868573FE4146E64CC02805F /* Pods-TipCalculator.debug.xcconfig */;
			buildSettings = {
				ASSETCATALOG_COMPILER_APPICON_NAME = AppIcon;
				INFOPLIST_FILE = TipCalculator/Info.plist;
				LD_RUNPATH_SEARCH_PATHS = "$(inherited) @executable_path/Frameworks";
				PRODUCT_BUNDLE_IDENTIFIER = com.andrewjohngarcia.TipCalculator;
				PRODUCT_NAME = "$(TARGET_NAME)";
			};
			name = Debug;
		};
		B9D880451C938C2E00F4E461 /* Release */ = {
			isa = XCBuildConfiguration;
			baseConfigurationReference = CE3ED05F2088B45938630B25 /* Pods-TipCalculator.release.xcconfig */;
			buildSettings = {
				ASSETCATALOG_COMPILER_APPICON_NAME = AppIcon;
				INFOPLIST_FILE = TipCalculator/Info.plist;
				LD_RUNPATH_SEARCH_PATHS = "$(inherited) @executable_path/Frameworks";
				PRODUCT_BUNDLE_IDENTIFIER = com.andrewjohngarcia.TipCalculator;
				PRODUCT_NAME = "$(TARGET_NAME)";
			};
			name = Release;
		};
/* End XCBuildConfiguration section */

/* Begin XCConfigurationList section */
		B9D8802C1C938C2E00F4E461 /* Build configuration list for PBXProject "TipCalculator" */ = {
			isa = XCConfigurationList;
			buildConfigurations = (
				B9D880411C938C2E00F4E461 /* Debug */,
				B9D880421C938C2E00F4E461 /* Release */,
			);
			defaultConfigurationIsVisible = 0;
			defaultConfigurationName = Release;
		};
		B9D880431C938C2E00F4E461 /* Build configuration list for PBXNativeTarget "TipCalculator" */ = {
			isa = XCConfigurationList;
			buildConfigurations = (
				B9D880441C938C2E00F4E461 /* Debug */,
				B9D880451C938C2E00F4E461 /* Release */,
			);
			defaultConfigurationIsVisible = 0;
			defaultConfigurationName = Release;
		};
/* End XCConfigurationList section */
	};
	rootObject = B9D880291C938C2E00F4E461 /* Project object */;
}
