// !$*UTF8*$!
{
	archiveVersion = 1;
	classes = {
	};
	objectVersion = 46;
	objects = {

/* Begin PBXBuildFile section */
		B9EE0C681CAC958000EFB022 /* AppDelegate.swift in Sources */ = {isa = PBXBuildFile; fileRef = B9EE0C671CAC958000EFB022 /* AppDelegate.swift */; };
		B9EE0C6A1CAC958000EFB022 /* ViewController.swift in Sources */ = {isa = PBXBuildFile; fileRef = B9EE0C691CAC958000EFB022 /* ViewController.swift */; };
		B9EE0C6D1CAC958000EFB022 /* Main.storyboard in Resources */ = {isa = PBXBuildFile; fileRef = B9EE0C6B1CAC958000EFB022 /* Main.storyboard */; };
		B9EE0C6F1CAC958000EFB022 /* Assets.xcassets in Resources */ = {isa = PBXBuildFile; fileRef = B9EE0C6E1CAC958000EFB022 /* Assets.xcassets */; };
		B9EE0C721CAC958000EFB022 /* LaunchScreen.storyboard in Resources */ = {isa = PBXBuildFile; fileRef = B9EE0C701CAC958000EFB022 /* LaunchScreen.storyboard */; };
		B9EE0C7A1CACA30000EFB022 /* Montserrat-Bold.otf in Resources */ = {isa = PBXBuildFile; fileRef = B9EE0C791CACA30000EFB022 /* Montserrat-Bold.otf */; };
/* End PBXBuildFile section */

/* Begin PBXFileReference section */
		B9EE0C641CAC958000EFB022 /* Project 22 - ScrollViews.app */ = {isa = PBXFileReference; explicitFileType = wrapper.application; includeInIndex = 0; path = "Project 22 - ScrollViews.app"; sourceTree = BUILT_PRODUCTS_DIR; };
		B9EE0C671CAC958000EFB022 /* AppDelegate.swift */ = {isa = PBXFileReference; lastKnownFileType = sourcecode.swift; path = AppDelegate.swift; sourceTree = "<group>"; };
		B9EE0C691CAC958000EFB022 /* ViewController.swift */ = {isa = PBXFileReference; lastKnownFileType = sourcecode.swift; path = ViewController.swift; sourceTree = "<group>"; };
		B9EE0C6C1CAC958000EFB022 /* Base */ = {isa = PBXFileReference; lastKnownFileType = file.storyboard; name = Base; path = Base.lproj/Main.storyboard; sourceTree = "<group>"; };
		B9EE0C6E1CAC958000EFB022 /* Assets.xcassets */ = {isa = PBXFileReference; lastKnownFileType = folder.assetcatalog; path = Assets.xcassets; sourceTree = "<group>"; };
		B9EE0C711CAC958000EFB022 /* Base */ = {isa = PBXFileReference; lastKnownFileType = file.storyboard; name = Base; path = Base.lproj/LaunchScreen.storyboard; sourceTree = "<group>"; };
		B9EE0C731CAC958000EFB022 /* Info.plist */ = {isa = PBXFileReference; lastKnownFileType = text.plist.xml; path = Info.plist; sourceTree = "<group>"; };
		B9EE0C791CACA30000EFB022 /* Montserrat-Bold.otf */ = {isa = PBXFileReference; lastKnownFileType = file; path = "Montserrat-Bold.otf"; sourceTree = "<group>"; };
/* End PBXFileReference section */

/* Begin PBXFrameworksBuildPhase section */
		B9EE0C611CAC957F00EFB022 /* Frameworks */ = {
			isa = PBXFrameworksBuildPhase;
			buildActionMask = 2147483647;
			files = (
			);
			runOnlyForDeploymentPostprocessing = 0;
		};
/* End PBXFrameworksBuildPhase section */

/* Begin PBXGroup section */
		B9EE0C5B1CAC957F00EFB022 = {
			isa = PBXGroup;
			children = (
				B9EE0C661CAC958000EFB022 /* Project 22 - ScrollViews */,
				B9EE0C651CAC958000EFB022 /* Products */,
			);
			sourceTree = "<group>";
		};
		B9EE0C651CAC958000EFB022 /* Products */ = {
			isa = PBXGroup;
			children = (
				B9EE0C641CAC958000EFB022 /* Project 22 - ScrollViews.app */,
			);
			name = Products;
			sourceTree = "<group>";
		};
		B9EE0C661CAC958000EFB022 /* Project 22 - ScrollViews */ = {
			isa = PBXGroup;
			children = (
				B9EE0C671CAC958000EFB022 /* AppDelegate.swift */,
				B9EE0C691CAC958000EFB022 /* ViewController.swift */,
				B9EE0C6B1CAC958000EFB022 /* Main.storyboard */,
				B9EE0C6E1CAC958000EFB022 /* Assets.xcassets */,
				B9EE0C701CAC958000EFB022 /* LaunchScreen.storyboard */,
				B9EE0C731CAC958000EFB022 /* Info.plist */,
				B9EE0C7B1CACA30400EFB022 /* Fonts */,
			);
			path = "Project 22 - ScrollViews";
			sourceTree = "<group>";
		};
		B9EE0C7B1CACA30400EFB022 /* Fonts */ = {
			isa = PBXGroup;
			children = (
				B9EE0C791CACA30000EFB022 /* Montserrat-Bold.otf */,
			);
			name = Fonts;
			sourceTree = "<group>";
		};
/* End PBXGroup section */

/* Begin PBXNativeTarget section */
		B9EE0C631CAC957F00EFB022 /* Project 22 - ScrollViews */ = {
			isa = PBXNativeTarget;
			buildConfigurationList = B9EE0C761CAC958000EFB022 /* Build configuration list for PBXNativeTarget "Project 22 - ScrollViews" */;
			buildPhases = (
				B9EE0C601CAC957F00EFB022 /* Sources */,
				B9EE0C611CAC957F00EFB022 /* Frameworks */,
				B9EE0C621CAC957F00EFB022 /* Resources */,
			);
			buildRules = (
			);
			dependencies = (
			);
			name = "Project 22 - ScrollViews";
			productName = "Project 22 - ScrollViews";
			productReference = B9EE0C641CAC958000EFB022 /* Project 22 - ScrollViews.app */;
			productType = "com.apple.product-type.application";
		};
/* End PBXNativeTarget section */

/* Begin PBXProject section */
		B9EE0C5C1CAC957F00EFB022 /* Project object */ = {
			isa = PBXProject;
			attributes = {
				LastSwiftUpdateCheck = 0730;
				LastUpgradeCheck = 0730;
				ORGANIZATIONNAME = "Andrew Garcia";
				TargetAttributes = {
					B9EE0C631CAC957F00EFB022 = {
						CreatedOnToolsVersion = 7.3;
					};
				};
			};
			buildConfigurationList = B9EE0C5F1CAC957F00EFB022 /* Build configuration list for PBXProject "Project 22 - ScrollViews" */;
			compatibilityVersion = "Xcode 3.2";
			developmentRegion = English;
			hasScannedForEncodings = 0;
			knownRegions = (
				en,
				Base,
			);
			mainGroup = B9EE0C5B1CAC957F00EFB022;
			productRefGroup = B9EE0C651CAC958000EFB022 /* Products */;
			projectDirPath = "";
			projectRoot = "";
			targets = (
				B9EE0C631CAC957F00EFB022 /* Project 22 - ScrollViews */,
			);
		};
/* End PBXProject section */

/* Begin PBXResourcesBuildPhase section */
		B9EE0C621CAC957F00EFB022 /* Resources */ = {
			isa = PBXResourcesBuildPhase;
			buildActionMask = 2147483647;
			files = (
				B9EE0C721CAC958000EFB022 /* LaunchScreen.storyboard in Resources */,
				B9EE0C6F1CAC958000EFB022 /* Assets.xcassets in Resources */,
				B9EE0C6D1CAC958000EFB022 /* Main.storyboard in Resources */,
				B9EE0C7A1CACA30000EFB022 /* Montserrat-Bold.otf in Resources */,
			);
			runOnlyForDeploymentPostprocessing = 0;
		};
/* End PBXResourcesBuildPhase section */

/* Begin PBXSourcesBuildPhase section */
		B9EE0C601CAC957F00EFB022 /* Sources */ = {
			isa = PBXSourcesBuildPhase;
			buildActionMask = 2147483647;
			files = (
				B9EE0C6A1CAC958000EFB022 /* ViewController.swift in Sources */,
				B9EE0C681CAC958000EFB022 /* AppDelegate.swift in Sources */,
			);
			runOnlyForDeploymentPostprocessing = 0;
		};
/* End PBXSourcesBuildPhase section */

/* Begin PBXVariantGroup section */
		B9EE0C6B1CAC958000EFB022 /* Main.storyboard */ = {
			isa = PBXVariantGroup;
			children = (
				B9EE0C6C1CAC958000EFB022 /* Base */,
			);
			name = Main.storyboard;
			sourceTree = "<group>";
		};
		B9EE0C701CAC958000EFB022 /* LaunchScreen.storyboard */ = {
			isa = PBXVariantGroup;
			children = (
				B9EE0C711CAC958000EFB022 /* Base */,
			);
			name = LaunchScreen.storyboard;
			sourceTree = "<group>";
		};
/* End PBXVariantGroup section */

/* Begin XCBuildConfiguration section */
		B9EE0C741CAC958000EFB022 /* Debug */ = {
			isa = XCBuildConfiguration;
			buildSettings = {
				ALWAYS_SEARCH_USER_PATHS = NO;
				CLANG_ANALYZER_NONNULL = YES;
				CLANG_CXX_LANGUAGE_STANDARD = "gnu++0x";
				CLANG_CXX_LIBRARY = "libc++";
				CLANG_ENABLE_MODULES = YES;
				CLANG_ENABLE_OBJC_ARC = YES;
				CLANG_WARN_BOOL_CONVERSION = YES;
				CLANG_WARN_CONSTANT_CONVERSION = YES;
				CLANG_WARN_DIRECT_OBJC_ISA_USAGE = YES_ERROR;
				CLANG_WARN_EMPTY_BODY = YES;
				CLANG_WARN_ENUM_CONVERSION = YES;
				CLANG_WARN_INT_CONVERSION = YES;
				CLANG_WARN_OBJC_ROOT_CLASS = YES_ERROR;
				CLANG_WARN_UNREACHABLE_CODE = YES;
				CLANG_WARN__DUPLICATE_METHOD_MATCH = YES;
				"CODE_SIGN_IDENTITY[sdk=iphoneos*]" = "iPhone Developer";
				COPY_PHASE_STRIP = NO;
				DEBUG_INFORMATION_FORMAT = dwarf;
				ENABLE_STRICT_OBJC_MSGSEND = YES;
				ENABLE_TESTABILITY = YES;
				GCC_C_LANGUAGE_STANDARD = gnu99;
				GCC_DYNAMIC_NO_PIC = NO;
				GCC_NO_COMMON_BLOCKS = YES;
				GCC_OPTIMIZATION_LEVEL = 0;
				GCC_PREPROCESSOR_DEFINITIONS = (
					"DEBUG=1",
					"$(inherited)",
				);
				GCC_WARN_64_TO_32_BIT_CONVERSION = YES;
				GCC_WARN_ABOUT_RETURN_TYPE = YES_ERROR;
				GCC_WARN_UNDECLARED_SELECTOR = YES;
				GCC_WARN_UNINITIALIZED_AUTOS = YES_AGGRESSIVE;
				GCC_WARN_UNUSED_FUNCTION = YES;
				GCC_WARN_UNUSED_VARIABLE = YES;
				IPHONEOS_DEPLOYMENT_TARGET = 9.3;
				MTL_ENABLE_DEBUG_INFO = YES;
				ONLY_ACTIVE_ARCH = YES;
				SDKROOT = iphoneos;
				SWIFT_OPTIMIZATION_LEVEL = "-Onone";
			};
			name = Debug;
		};
		B9EE0C751CAC958000EFB022 /* Release */ = {
			isa = XCBuildConfiguration;
			buildSettings = {
				ALWAYS_SEARCH_USER_PATHS = NO;
				CLANG_ANALYZER_NONNULL = YES;
				CLANG_CXX_LANGUAGE_STANDARD = "gnu++0x";
				CLANG_CXX_LIBRARY = "libc++";
				CLANG_ENABLE_MODULES = YES;
				CLANG_ENABLE_OBJC_ARC = YES;
				CLANG_WARN_BOOL_CONVERSION = YES;
				CLANG_WARN_CONSTANT_CONVERSION = YES;
				CLANG_WARN_DIRECT_OBJC_ISA_USAGE = YES_ERROR;
				CLANG_WARN_EMPTY_BODY = YES;
				CLANG_WARN_ENUM_CONVERSION = YES;
				CLANG_WARN_INT_CONVERSION = YES;
				CLANG_WARN_OBJC_ROOT_CLASS = YES_ERROR;
				CLANG_WARN_UNREACHABLE_CODE = YES;
				CLANG_WARN__DUPLICATE_METHOD_MATCH = YES;
				"CODE_SIGN_IDENTITY[sdk=iphoneos*]" = "iPhone Developer";
				COPY_PHASE_STRIP = NO;
				DEBUG_INFORMATION_FORMAT = "dwarf-with-dsym";
				ENABLE_NS_ASSERTIONS = NO;
				ENABLE_STRICT_OBJC_MSGSEND = YES;
				GCC_C_LANGUAGE_STANDARD = gnu99;
				GCC_NO_COMMON_BLOCKS = YES;
				GCC_WARN_64_TO_32_BIT_CONVERSION = YES;
				GCC_WARN_ABOUT_RETURN_TYPE = YES_ERROR;
				GCC_WARN_UNDECLARED_SELECTOR = YES;
				GCC_WARN_UNINITIALIZED_AUTOS = YES_AGGRESSIVE;
				GCC_WARN_UNUSED_FUNCTION = YES;
				GCC_WARN_UNUSED_VARIABLE = YES;
				IPHONEOS_DEPLOYMENT_TARGET = 9.3;
				MTL_ENABLE_DEBUG_INFO = NO;
				SDKROOT = iphoneos;
				VALIDATE_PRODUCT = YES;
			};
			name = Release;
		};
		B9EE0C771CAC958000EFB022 /* Debug */ = {
			isa = XCBuildConfiguration;
			buildSettings = {
				ASSETCATALOG_COMPILER_APPICON_NAME = AppIcon;
				INFOPLIST_FILE = "Project 22 - ScrollViews/Info.plist";
				LD_RUNPATH_SEARCH_PATHS = "$(inherited) @executable_path/Frameworks";
				PRODUCT_BUNDLE_IDENTIFIER = "com.andrewjohngarcia.Project-22---ScrollViews";
				PRODUCT_NAME = "$(TARGET_NAME)";
			};
			name = Debug;
		};
		B9EE0C781CAC958000EFB022 /* Release */ = {
			isa = XCBuildConfiguration;
			buildSettings = {
				ASSETCATALOG_COMPILER_APPICON_NAME = AppIcon;
				INFOPLIST_FILE = "Project 22 - ScrollViews/Info.plist";
				LD_RUNPATH_SEARCH_PATHS = "$(inherited) @executable_path/Frameworks";
				PRODUCT_BUNDLE_IDENTIFIER = "com.andrewjohngarcia.Project-22---ScrollViews";
				PRODUCT_NAME = "$(TARGET_NAME)";
			};
			name = Release;
		};
/* End XCBuildConfiguration section */

/* Begin XCConfigurationList section */
		B9EE0C5F1CAC957F00EFB022 /* Build configuration list for PBXProject "Project 22 - ScrollViews" */ = {
			isa = XCConfigurationList;
			buildConfigurations = (
				B9EE0C741CAC958000EFB022 /* Debug */,
				B9EE0C751CAC958000EFB022 /* Release */,
			);
			defaultConfigurationIsVisible = 0;
			defaultConfigurationName = Release;
		};
		B9EE0C761CAC958000EFB022 /* Build configuration list for PBXNativeTarget "Project 22 - ScrollViews" */ = {
			isa = XCConfigurationList;
			buildConfigurations = (
				B9EE0C771CAC958000EFB022 /* Debug */,
				B9EE0C781CAC958000EFB022 /* Release */,
			);
			defaultConfigurationIsVisible = 0;
		};
/* End XCConfigurationList section */
	};
	rootObject = B9EE0C5C1CAC957F00EFB022 /* Project object */;
}
